
Microsoft Visual Studio Solution File, Format Version 12.00
# Visual Studio Version 17
VisualStudioVersion = 17.1.32210.238
MinimumVisualStudioVersion = 10.0.40219.1
Project("{FAE04EC0-301F-11D3-BF4B-00C04F79EFBC}") = "Student CSV1", "Student CSV1\Student CSV1.csproj", "{C67F5F72-DD3E-4927-A59E-64F828239F5E}"
EndProject
Global
	GlobalSection(SolutionConfigurationPlatforms) = preSolution
		Debug|Any CPU = Debug|Any CPU
		Release|Any CPU = Release|Any CPU
	EndGlobalSection
	GlobalSection(ProjectConfigurationPlatforms) = postSolution
		{C67F5F72-DD3E-4927-A59E-64F828239F5E}.Debug|Any CPU.ActiveCfg = Debug|Any CPU
		{C67F5F72-DD3E-4927-A59E-64F828239F5E}.Debug|Any CPU.Build.0 = Debug|Any CPU
		{C67F5F72-DD3E-4927-A59E-64F828239F5E}.Release|Any CPU.ActiveCfg = Release|Any CPU
		{C67F5F72-DD3E-4927-A59E-64F828239F5E}.Release|Any CPU.Build.0 = Release|Any CPU
	EndGlobalSection
	GlobalSection(SolutionProperties) = preSolution
		HideSolutionNode = FALSE
	EndGlobalSection
	GlobalSection(ExtensibilityGlobals) = postSolution
		SolutionGuid = {F02CCCFF-A63A-495C-A4E9-9BBCB9E99229}
	EndGlobalSection
EndGlobal
